// !$*UTF8*$!
{
	archiveVersion = 1;
	classes = {
	};
	objectVersion = 50;
	objects = {

/* Begin PBXBuildFile section */
		B3D8A5C3250F03E000652659 /* AppDelegate.m in Sources */ = {isa = PBXBuildFile; fileRef = B3D8A5C2250F03E000652659 /* AppDelegate.m */; };
		B3D8A5C6250F03E000652659 /* SceneDelegate.m in Sources */ = {isa = PBXBuildFile; fileRef = B3D8A5C5250F03E000652659 /* SceneDelegate.m */; };
		B3D8A5C9250F03E000652659 /* ViewController.m in Sources */ = {isa = PBXBuildFile; fileRef = B3D8A5C8250F03E000652659 /* ViewController.m */; };
		B3D8A5CC250F03E000652659 /* Main.storyboard in Resources */ = {isa = PBXBuildFile; fileRef = B3D8A5CA250F03E000652659 /* Main.storyboard */; };
		B3D8A5CE250F03E400652659 /* Assets.xcassets in Resources */ = {isa = PBXBuildFile; fileRef = B3D8A5CD250F03E400652659 /* Assets.xcassets */; };
		B3D8A5D1250F03E400652659 /* LaunchScreen.storyboard in Resources */ = {isa = PBXBuildFile; fileRef = B3D8A5CF250F03E400652659 /* LaunchScreen.storyboard */; };
		B3D8A5D4250F03E400652659 /* main.m in Sources */ = {isa = PBXBuildFile; fileRef = B3D8A5D3250F03E400652659 /* main.m */; };
		B3D8A5E0250F045000652659 /* MVPTestModel.m in Sources */ = {isa = PBXBuildFile; fileRef = B3D8A5DF250F045000652659 /* MVPTestModel.m */; };
		B3D8A5E3250F046900652659 /* MVPView.m in Sources */ = {isa = PBXBuildFile; fileRef = B3D8A5E2250F046900652659 /* MVPView.m */; };
		B3D8A5E6250F047400652659 /* MVPViewController.m in Sources */ = {isa = PBXBuildFile; fileRef = B3D8A5E5250F047400652659 /* MVPViewController.m */; };
		B3D8A5E9250F048400652659 /* MVPPresent.m in Sources */ = {isa = PBXBuildFile; fileRef = B3D8A5E8250F048400652659 /* MVPPresent.m */; };
/* End PBXBuildFile section */

/* Begin PBXFileReference section */
		B3D8A5BE250F03E000652659 /* mvp.app */ = {isa = PBXFileReference; explicitFileType = wrapper.application; includeInIndex = 0; path = mvp.app; sourceTree = BUILT_PRODUCTS_DIR; };
		B3D8A5C1250F03E000652659 /* AppDelegate.h */ = {isa = PBXFileReference; lastKnownFileType = sourcecode.c.h; path = AppDelegate.h; sourceTree = "<group>"; };
		B3D8A5C2250F03E000652659 /* AppDelegate.m */ = {isa = PBXFileReference; lastKnownFileType = sourcecode.c.objc; path = AppDelegate.m; sourceTree = "<group>"; };
		B3D8A5C4250F03E000652659 /* SceneDelegate.h */ = {isa = PBXFileReference; lastKnownFileType = sourcecode.c.h; path = SceneDelegate.h; sourceTree = "<group>"; };
		B3D8A5C5250F03E000652659 /* SceneDelegate.m */ = {isa = PBXFileReference; lastKnownFileType = sourcecode.c.objc; path = SceneDelegate.m; sourceTree = "<group>"; };
		B3D8A5C7250F03E000652659 /* ViewController.h */ = {isa = PBXFileReference; lastKnownFileType = sourcecode.c.h; path = ViewController.h; sourceTree = "<group>"; };
		B3D8A5C8250F03E000652659 /* ViewController.m */ = {isa = PBXFileReference; lastKnownFileType = sourcecode.c.objc; path = ViewController.m; sourceTree = "<group>"; };
		B3D8A5CB250F03E000652659 /* Base */ = {isa = PBXFileReference; lastKnownFileType = file.storyboard; name = Base; path = Base.lproj/Main.storyboard; sourceTree = "<group>"; };
		B3D8A5CD250F03E400652659 /* Assets.xcassets */ = {isa = PBXFileReference; lastKnownFileType = folder.assetcatalog; path = Assets.xcassets; sourceTree = "<group>"; };
		B3D8A5D0250F03E400652659 /* Base */ = {isa = PBXFileReference; lastKnownFileType = file.storyboard; name = Base; path = Base.lproj/LaunchScreen.storyboard; sourceTree = "<group>"; };
		B3D8A5D2250F03E400652659 /* Info.plist */ = {isa = PBXFileReference; lastKnownFileType = text.plist.xml; path = Info.plist; sourceTree = "<group>"; };
		B3D8A5D3250F03E400652659 /* main.m */ = {isa = PBXFileReference; lastKnownFileType = sourcecode.c.objc; path = main.m; sourceTree = "<group>"; };
		B3D8A5DE250F045000652659 /* MVPTestModel.h */ = {isa = PBXFileReference; lastKnownFileType = sourcecode.c.h; path = MVPTestModel.h; sourceTree = "<group>"; };
		B3D8A5DF250F045000652659 /* MVPTestModel.m */ = {isa = PBXFileReference; lastKnownFileType = sourcecode.c.objc; path = MVPTestModel.m; sourceTree = "<group>"; };
		B3D8A5E1250F046900652659 /* MVPView.h */ = {isa = PBXFileReference; lastKnownFileType = sourcecode.c.h; path = MVPView.h; sourceTree = "<group>"; };
		B3D8A5E2250F046900652659 /* MVPView.m */ = {isa = PBXFileReference; lastKnownFileType = sourcecode.c.objc; path = MVPView.m; sourceTree = "<group>"; };
		B3D8A5E4250F047400652659 /* MVPViewController.h */ = {isa = PBXFileReference; lastKnownFileType = sourcecode.c.h; path = MVPViewController.h; sourceTree = "<group>"; };
		B3D8A5E5250F047400652659 /* MVPViewController.m */ = {isa = PBXFileReference; lastKnownFileType = sourcecode.c.objc; path = MVPViewController.m; sourceTree = "<group>"; };
		B3D8A5E7250F048400652659 /* MVPPresent.h */ = {isa = PBXFileReference; lastKnownFileType = sourcecode.c.h; path = MVPPresent.h; sourceTree = "<group>"; };
		B3D8A5E8250F048400652659 /* MVPPresent.m */ = {isa = PBXFileReference; lastKnownFileType = sourcecode.c.objc; path = MVPPresent.m; sourceTree = "<group>"; };
/* End PBXFileReference section */

/* Begin PBXFrameworksBuildPhase section */
		B3D8A5BB250F03E000652659 /* Frameworks */ = {
			isa = PBXFrameworksBuildPhase;
			buildActionMask = 2147483647;
			files = (
			);
			runOnlyForDeploymentPostprocessing = 0;
		};
/* End PBXFrameworksBuildPhase section */

/* Begin PBXGroup section */
		B3D8A5B5250F03E000652659 = {
			isa = PBXGroup;
			children = (
				B3D8A5C0250F03E000652659 /* mvp */,
				B3D8A5BF250F03E000652659 /* Products */,
			);
			sourceTree = "<group>";
		};
		B3D8A5BF250F03E000652659 /* Products */ = {
			isa = PBXGroup;
			children = (
				B3D8A5BE250F03E000652659 /* mvp.app */,
			);
			name = Products;
			sourceTree = "<group>";
		};
		B3D8A5C0250F03E000652659 /* mvp */ = {
			isa = PBXGroup;
			children = (
				B3D8A5DA250F03F800652659 /* present */,
				B3D8A5DD250F041D00652659 /* controller */,
				B3D8A5DB250F03FF00652659 /* view */,
				B3D8A5DC250F040700652659 /* model */,
				B3D8A5C1250F03E000652659 /* AppDelegate.h */,
				B3D8A5C2250F03E000652659 /* AppDelegate.m */,
				B3D8A5C4250F03E000652659 /* SceneDelegate.h */,
				B3D8A5C5250F03E000652659 /* SceneDelegate.m */,
				B3D8A5C7250F03E000652659 /* ViewController.h */,
				B3D8A5C8250F03E000652659 /* ViewController.m */,
				B3D8A5CA250F03E000652659 /* Main.storyboard */,
				B3D8A5CD250F03E400652659 /* Assets.xcassets */,
				B3D8A5CF250F03E400652659 /* LaunchScreen.storyboard */,
				B3D8A5D2250F03E400652659 /* Info.plist */,
				B3D8A5D3250F03E400652659 /* main.m */,
			);
			path = mvp;
			sourceTree = "<group>";
		};
		B3D8A5DA250F03F800652659 /* present */ = {
			isa = PBXGroup;
			children = (
				B3D8A5E7250F048400652659 /* MVPPresent.h */,
				B3D8A5E8250F048400652659 /* MVPPresent.m */,
			);
			path = present;
			sourceTree = "<group>";
		};
		B3D8A5DB250F03FF00652659 /* view */ = {
			isa = PBXGroup;
			children = (
				B3D8A5E1250F046900652659 /* MVPView.h */,
				B3D8A5E2250F046900652659 /* MVPView.m */,
			);
			path = view;
			sourceTree = "<group>";
		};
		B3D8A5DC250F040700652659 /* model */ = {
			isa = PBXGroup;
			children = (
				B3D8A5DE250F045000652659 /* MVPTestModel.h */,
				B3D8A5DF250F045000652659 /* MVPTestModel.m */,
			);
			path = model;
			sourceTree = "<group>";
		};
		B3D8A5DD250F041D00652659 /* controller */ = {
			isa = PBXGroup;
			children = (
				B3D8A5E4250F047400652659 /* MVPViewController.h */,
				B3D8A5E5250F047400652659 /* MVPViewController.m */,
			);
			path = controller;
			sourceTree = "<group>";
		};
/* End PBXGroup section */

/* Begin PBXNativeTarget section */
		B3D8A5BD250F03E000652659 /* mvp */ = {
			isa = PBXNativeTarget;
			buildConfigurationList = B3D8A5D7250F03E400652659 /* Build configuration list for PBXNativeTarget "mvp" */;
			buildPhases = (
				B3D8A5BA250F03E000652659 /* Sources */,
				B3D8A5BB250F03E000652659 /* Frameworks */,
				B3D8A5BC250F03E000652659 /* Resources */,
			);
			buildRules = (
			);
			dependencies = (
			);
			name = mvp;
			productName = mvp;
			productReference = B3D8A5BE250F03E000652659 /* mvp.app */;
			productType = "com.apple.product-type.application";
		};
/* End PBXNativeTarget section */

/* Begin PBXProject section */
		B3D8A5B6250F03E000652659 /* Project object */ = {
			isa = PBXProject;
			attributes = {
				LastUpgradeCheck = 1150;
				ORGANIZATIONNAME = sn;
				TargetAttributes = {
					B3D8A5BD250F03E000652659 = {
						CreatedOnToolsVersion = 11.5;
					};
				};
			};
			buildConfigurationList = B3D8A5B9250F03E000652659 /* Build configuration list for PBXProject "mvp" */;
			compatibilityVersion = "Xcode 9.3";
			developmentRegion = en;
			hasScannedForEncodings = 0;
			knownRegions = (
				en,
				Base,
			);
			mainGroup = B3D8A5B5250F03E000652659;
			productRefGroup = B3D8A5BF250F03E000652659 /* Products */;
			projectDirPath = "";
			projectRoot = "";
			targets = (
				B3D8A5BD250F03E000652659 /* mvp */,
			);
		};
/* End PBXProject section */

/* Begin PBXResourcesBuildPhase section */
		B3D8A5BC250F03E000652659 /* Resources */ = {
			isa = PBXResourcesBuildPhase;
			buildActionMask = 2147483647;
			files = (
				B3D8A5D1250F03E400652659 /* LaunchScreen.storyboard in Resources */,
				B3D8A5CE250F03E400652659 /* Assets.xcassets in Resources */,
				B3D8A5CC250F03E000652659 /* Main.storyboard in Resources */,
			);
			runOnlyForDeploymentPostprocessing = 0;
		};
/* End PBXResourcesBuildPhase section */

/* Begin PBXSourcesBuildPhase section */
		B3D8A5BA250F03E000652659 /* Sources */ = {
			isa = PBXSourcesBuildPhase;
			buildActionMask = 2147483647;
			files = (
				B3D8A5C9250F03E000652659 /* ViewController.m in Sources */,
				B3D8A5C3250F03E000652659 /* AppDelegate.m in Sources */,
				B3D8A5E0250F045000652659 /* MVPTestModel.m in Sources */,
				B3D8A5E9250F048400652659 /* MVPPresent.m in Sources */,
				B3D8A5D4250F03E400652659 /* main.m in Sources */,
				B3D8A5E3250F046900652659 /* MVPView.m in Sources */,
				B3D8A5C6250F03E000652659 /* SceneDelegate.m in Sources */,
				B3D8A5E6250F047400652659 /* MVPViewController.m in Sources */,
			);
			runOnlyForDeploymentPostprocessing = 0;
		};
/* End PBXSourcesBuildPhase section */

/* Begin PBXVariantGroup section */
		B3D8A5CA250F03E000652659 /* Main.storyboard */ = {
			isa = PBXVariantGroup;
			children = (
				B3D8A5CB250F03E000652659 /* Base */,
			);
			name = Main.storyboard;
			sourceTree = "<group>";
		};
		B3D8A5CF250F03E400652659 /* LaunchScreen.storyboard */ = {
			isa = PBXVariantGroup;
			children = (
				B3D8A5D0250F03E400652659 /* Base */,
			);
			name = LaunchScreen.storyboard;
			sourceTree = "<group>";
		};
/* End PBXVariantGroup section */

/* Begin XCBuildConfiguration section */
		B3D8A5D5250F03E400652659 /* Debug */ = {
			isa = XCBuildConfiguration;
			buildSettings = {
				ALWAYS_SEARCH_USER_PATHS = NO;
				CLANG_ANALYZER_NONNULL = YES;
				CLANG_ANALYZER_NUMBER_OBJECT_CONVERSION = YES_AGGRESSIVE;
				CLANG_CXX_LANGUAGE_STANDARD = "gnu++14";
				CLANG_CXX_LIBRARY = "libc++";
				CLANG_ENABLE_MODULES = YES;
				CLANG_ENABLE_OBJC_ARC = YES;
				CLANG_ENABLE_OBJC_WEAK = YES;
				CLANG_WARN_BLOCK_CAPTURE_AUTORELEASING = YES;
				CLANG_WARN_BOOL_CONVERSION = YES;
				CLANG_WARN_COMMA = YES;
				CLANG_WARN_CONSTANT_CONVERSION = YES;
				CLANG_WARN_DEPRECATED_OBJC_IMPLEMENTATIONS = YES;
				CLANG_WARN_DIRECT_OBJC_ISA_USAGE = YES_ERROR;
				CLANG_WARN_DOCUMENTATION_COMMENTS = YES;
				CLANG_WARN_EMPTY_BODY = YES;
				CLANG_WARN_ENUM_CONVERSION = YES;
				CLANG_WARN_INFINITE_RECURSION = YES;
				CLANG_WARN_INT_CONVERSION = YES;
				CLANG_WARN_NON_LITERAL_NULL_CONVERSION = YES;
				CLANG_WARN_OBJC_IMPLICIT_RETAIN_SELF = YES;
				CLANG_WARN_OBJC_LITERAL_CONVERSION = YES;
				CLANG_WARN_OBJC_ROOT_CLASS = YES_ERROR;
				CLANG_WARN_RANGE_LOOP_ANALYSIS = YES;
				CLANG_WARN_STRICT_PROTOTYPES = YES;
				CLANG_WARN_SUSPICIOUS_MOVE = YES;
				CLANG_WARN_UNGUARDED_AVAILABILITY = YES_AGGRESSIVE;
				CLANG_WARN_UNREACHABLE_CODE = YES;
				CLANG_WARN__DUPLICATE_METHOD_MATCH = YES;
				COPY_PHASE_STRIP = NO;
				DEBUG_INFORMATION_FORMAT = dwarf;
				ENABLE_STRICT_OBJC_MSGSEND = YES;
				ENABLE_TESTABILITY = YES;
				GCC_C_LANGUAGE_STANDARD = gnu11;
				GCC_DYNAMIC_NO_PIC = NO;
				GCC_NO_COMMON_BLOCKS = YES;
				GCC_OPTIMIZATION_LEVEL = 0;
				GCC_PREPROCESSOR_DEFINITIONS = (
					"DEBUG=1",
					"$(inherited)",
				);
				GCC_WARN_64_TO_32_BIT_CONVERSION = YES;
				GCC_WARN_ABOUT_RETURN_TYPE = YES_ERROR;
				GCC_WARN_UNDECLARED_SELECTOR = YES;
				GCC_WARN_UNINITIALIZED_AUTOS = YES_AGGRESSIVE;
				GCC_WARN_UNUSED_FUNCTION = YES;
				GCC_WARN_UNUSED_VARIABLE = YES;
				IPHONEOS_DEPLOYMENT_TARGET = 13.5;
				MTL_ENABLE_DEBUG_INFO = INCLUDE_SOURCE;
				MTL_FAST_MATH = YES;
				ONLY_ACTIVE_ARCH = YES;
				SDKROOT = iphoneos;
			};
			name = Debug;
		};
		B3D8A5D6250F03E400652659 /* Release */ = {
			isa = XCBuildConfiguration;
			buildSettings = {
				ALWAYS_SEARCH_USER_PATHS = NO;
				CLANG_ANALYZER_NONNULL = YES;
				CLANG_ANALYZER_NUMBER_OBJECT_CONVERSION = YES_AGGRESSIVE;
				CLANG_CXX_LANGUAGE_STANDARD = "gnu++14";
				CLANG_CXX_LIBRARY = "libc++";
				CLANG_ENABLE_MODULES = YES;
				CLANG_ENABLE_OBJC_ARC = YES;
				CLANG_ENABLE_OBJC_WEAK = YES;
				CLANG_WARN_BLOCK_CAPTURE_AUTORELEASING = YES;
				CLANG_WARN_BOOL_CONVERSION = YES;
				CLANG_WARN_COMMA = YES;
				CLANG_WARN_CONSTANT_CONVERSION = YES;
				CLANG_WARN_DEPRECATED_OBJC_IMPLEMENTATIONS = YES;
				CLANG_WARN_DIRECT_OBJC_ISA_USAGE = YES_ERROR;
				CLANG_WARN_DOCUMENTATION_COMMENTS = YES;
				CLANG_WARN_EMPTY_BODY = YES;
				CLANG_WARN_ENUM_CONVERSION = YES;
				CLANG_WARN_INFINITE_RECURSION = YES;
				CLANG_WARN_INT_CONVERSION = YES;
				CLANG_WARN_NON_LITERAL_NULL_CONVERSION = YES;
				CLANG_WARN_OBJC_IMPLICIT_RETAIN_SELF = YES;
				CLANG_WARN_OBJC_LITERAL_CONVERSION = YES;
				CLANG_WARN_OBJC_ROOT_CLASS = YES_ERROR;
				CLANG_WARN_RANGE_LOOP_ANALYSIS = YES;
				CLANG_WARN_STRICT_PROTOTYPES = YES;
				CLANG_WARN_SUSPICIOUS_MOVE = YES;
				CLANG_WARN_UNGUARDED_AVAILABILITY = YES_AGGRESSIVE;
				CLANG_WARN_UNREACHABLE_CODE = YES;
				CLANG_WARN__DUPLICATE_METHOD_MATCH = YES;
				COPY_PHASE_STRIP = NO;
				DEBUG_INFORMATION_FORMAT = "dwarf-with-dsym";
				ENABLE_NS_ASSERTIONS = NO;
				ENABLE_STRICT_OBJC_MSGSEND = YES;
				GCC_C_LANGUAGE_STANDARD = gnu11;
				GCC_NO_COMMON_BLOCKS = YES;
				GCC_WARN_64_TO_32_BIT_CONVERSION = YES;
				GCC_WARN_ABOUT_RETURN_TYPE = YES_ERROR;
				GCC_WARN_UNDECLARED_SELECTOR = YES;
				GCC_WARN_UNINITIALIZED_AUTOS = YES_AGGRESSIVE;
				GCC_WARN_UNUSED_FUNCTION = YES;
				GCC_WARN_UNUSED_VARIABLE = YES;
				IPHONEOS_DEPLOYMENT_TARGET = 13.5;
				MTL_ENABLE_DEBUG_INFO = NO;
				MTL_FAST_MATH = YES;
				SDKROOT = iphoneos;
				VALIDATE_PRODUCT = YES;
			};
			name = Release;
		};
		B3D8A5D8250F03E400652659 /* Debug */ = {
			isa = XCBuildConfiguration;
			buildSettings = {
				ASSETCATALOG_COMPILER_APPICON_NAME = AppIcon;
				CODE_SIGN_STYLE = Automatic;
				INFOPLIST_FILE = mvp/Info.plist;
				LD_RUNPATH_SEARCH_PATHS = (
					"$(inherited)",
					"@executable_path/Frameworks",
				);
				PRODUCT_BUNDLE_IDENTIFIER = suning.mvp;
				PRODUCT_NAME = "$(TARGET_NAME)";
				TARGETED_DEVICE_FAMILY = "1,2";
			};
			name = Debug;
		};
		B3D8A5D9250F03E400652659 /* Release */ = {
			isa = XCBuildConfiguration;
			buildSettings = {
				ASSETCATALOG_COMPILER_APPICON_NAME = AppIcon;
				CODE_SIGN_STYLE = Automatic;
				INFOPLIST_FILE = mvp/Info.plist;
				LD_RUNPATH_SEARCH_PATHS = (
					"$(inherited)",
					"@executable_path/Frameworks",
				);
				PRODUCT_BUNDLE_IDENTIFIER = suning.mvp;
				PRODUCT_NAME = "$(TARGET_NAME)";
				TARGETED_DEVICE_FAMILY = "1,2";
			};
			name = Release;
		};
/* End XCBuildConfiguration section */

/* Begin XCConfigurationList section */
		B3D8A5B9250F03E000652659 /* Build configuration list for PBXProject "mvp" */ = {
			isa = XCConfigurationList;
			buildConfigurations = (
				B3D8A5D5250F03E400652659 /* Debug */,
				B3D8A5D6250F03E400652659 /* Release */,
			);
			defaultConfigurationIsVisible = 0;
			defaultConfigurationName = Release;
		};
		B3D8A5D7250F03E400652659 /* Build configuration list for PBXNativeTarget "mvp" */ = {
			isa = XCConfigurationList;
			buildConfigurations = (
				B3D8A5D8250F03E400652659 /* Debug */,
				B3D8A5D9250F03E400652659 /* Release */,
			);
			defaultConfigurationIsVisible = 0;
			defaultConfigurationName = Release;
		};
/* End XCConfigurationList section */
	};
	rootObject = B3D8A5B6250F03E000652659 /* Project object */;
}
